// !$*UTF8*$!
{
	archiveVersion = 1;
	classes = {
	};
	objectVersion = 55;
	objects = {

/* Begin PBXBuildFile section */
		57E676BE2814F342006FD47B /* AppDelegate.swift in Sources */ = {isa = PBXBuildFile; fileRef = 57E676BD2814F342006FD47B /* AppDelegate.swift */; };
		57E676C02814F342006FD47B /* SceneDelegate.swift in Sources */ = {isa = PBXBuildFile; fileRef = 57E676BF2814F342006FD47B /* SceneDelegate.swift */; };
		57E676C22814F342006FD47B /* ViewController.swift in Sources */ = {isa = PBXBuildFile; fileRef = 57E676C12814F342006FD47B /* ViewController.swift */; };
		57E676C52814F342006FD47B /* Main.storyboard in Resources */ = {isa = PBXBuildFile; fileRef = 57E676C32814F342006FD47B /* Main.storyboard */; };
		57E676C82814F342006FD47B /* elementalPeriodicTable.xcdatamodeld in Sources */ = {isa = PBXBuildFile; fileRef = 57E676C62814F342006FD47B /* elementalPeriodicTable.xcdatamodeld */; };
		57E676CA2814F346006FD47B /* Assets.xcassets in Resources */ = {isa = PBXBuildFile; fileRef = 57E676C92814F346006FD47B /* Assets.xcassets */; };
		57E676CD2814F346006FD47B /* LaunchScreen.storyboard in Resources */ = {isa = PBXBuildFile; fileRef = 57E676CB2814F346006FD47B /* LaunchScreen.storyboard */; };
		57E676D82814F347006FD47B /* elementalPeriodicTableTests.swift in Sources */ = {isa = PBXBuildFile; fileRef = 57E676D72814F347006FD47B /* elementalPeriodicTableTests.swift */; };
		57E676E22814F347006FD47B /* elementalPeriodicTableUITests.swift in Sources */ = {isa = PBXBuildFile; fileRef = 57E676E12814F347006FD47B /* elementalPeriodicTableUITests.swift */; };
		57E676E42814F347006FD47B /* elementalPeriodicTableUITestsLaunchTests.swift in Sources */ = {isa = PBXBuildFile; fileRef = 57E676E32814F347006FD47B /* elementalPeriodicTableUITestsLaunchTests.swift */; };
/* End PBXBuildFile section */

/* Begin PBXContainerItemProxy section */
		57E676D42814F347006FD47B /* PBXContainerItemProxy */ = {
			isa = PBXContainerItemProxy;
			containerPortal = 57E676B22814F341006FD47B /* Project object */;
			proxyType = 1;
			remoteGlobalIDString = 57E676B92814F341006FD47B;
			remoteInfo = elementalPeriodicTable;
		};
		57E676DE2814F347006FD47B /* PBXContainerItemProxy */ = {
			isa = PBXContainerItemProxy;
			containerPortal = 57E676B22814F341006FD47B /* Project object */;
			proxyType = 1;
			remoteGlobalIDString = 57E676B92814F341006FD47B;
			remoteInfo = elementalPeriodicTable;
		};
/* End PBXContainerItemProxy section */

/* Begin PBXFileReference section */
		57E676BA2814F342006FD47B /* elementalPeriodicTable.app */ = {isa = PBXFileReference; explicitFileType = wrapper.application; includeInIndex = 0; path = elementalPeriodicTable.app; sourceTree = BUILT_PRODUCTS_DIR; };
		57E676BD2814F342006FD47B /* AppDelegate.swift */ = {isa = PBXFileReference; lastKnownFileType = sourcecode.swift; path = AppDelegate.swift; sourceTree = "<group>"; };
		57E676BF2814F342006FD47B /* SceneDelegate.swift */ = {isa = PBXFileReference; lastKnownFileType = sourcecode.swift; path = SceneDelegate.swift; sourceTree = "<group>"; };
		57E676C12814F342006FD47B /* ViewController.swift */ = {isa = PBXFileReference; lastKnownFileType = sourcecode.swift; path = ViewController.swift; sourceTree = "<group>"; };
		57E676C42814F342006FD47B /* Base */ = {isa = PBXFileReference; lastKnownFileType = file.storyboard; name = Base; path = Base.lproj/Main.storyboard; sourceTree = "<group>"; };
		57E676C72814F342006FD47B /* elementalPeriodicTable.xcdatamodel */ = {isa = PBXFileReference; lastKnownFileType = wrapper.xcdatamodel; path = elementalPeriodicTable.xcdatamodel; sourceTree = "<group>"; };
		57E676C92814F346006FD47B /* Assets.xcassets */ = {isa = PBXFileReference; lastKnownFileType = folder.assetcatalog; path = Assets.xcassets; sourceTree = "<group>"; };
		57E676CC2814F346006FD47B /* Base */ = {isa = PBXFileReference; lastKnownFileType = file.storyboard; name = Base; path = Base.lproj/LaunchScreen.storyboard; sourceTree = "<group>"; };
		57E676CE2814F346006FD47B /* Info.plist */ = {isa = PBXFileReference; lastKnownFileType = text.plist.xml; path = Info.plist; sourceTree = "<group>"; };
		57E676D32814F347006FD47B /* elementalPeriodicTableTests.xctest */ = {isa = PBXFileReference; explicitFileType = wrapper.cfbundle; includeInIndex = 0; path = elementalPeriodicTableTests.xctest; sourceTree = BUILT_PRODUCTS_DIR; };
		57E676D72814F347006FD47B /* elementalPeriodicTableTests.swift */ = {isa = PBXFileReference; lastKnownFileType = sourcecode.swift; path = elementalPeriodicTableTests.swift; sourceTree = "<group>"; };
		57E676DD2814F347006FD47B /* elementalPeriodicTableUITests.xctest */ = {isa = PBXFileReference; explicitFileType = wrapper.cfbundle; includeInIndex = 0; path = elementalPeriodicTableUITests.xctest; sourceTree = BUILT_PRODUCTS_DIR; };
		57E676E12814F347006FD47B /* elementalPeriodicTableUITests.swift */ = {isa = PBXFileReference; lastKnownFileType = sourcecode.swift; path = elementalPeriodicTableUITests.swift; sourceTree = "<group>"; };
		57E676E32814F347006FD47B /* elementalPeriodicTableUITestsLaunchTests.swift */ = {isa = PBXFileReference; lastKnownFileType = sourcecode.swift; path = elementalPeriodicTableUITestsLaunchTests.swift; sourceTree = "<group>"; };
/* End PBXFileReference section */

/* Begin PBXFrameworksBuildPhase section */
		57E676B72814F341006FD47B /* Frameworks */ = {
			isa = PBXFrameworksBuildPhase;
			buildActionMask = 2147483647;
			files = (
			);
			runOnlyForDeploymentPostprocessing = 0;
		};
		57E676D02814F347006FD47B /* Frameworks */ = {
			isa = PBXFrameworksBuildPhase;
			buildActionMask = 2147483647;
			files = (
			);
			runOnlyForDeploymentPostprocessing = 0;
		};
		57E676DA2814F347006FD47B /* Frameworks */ = {
			isa = PBXFrameworksBuildPhase;
			buildActionMask = 2147483647;
			files = (
			);
			runOnlyForDeploymentPostprocessing = 0;
		};
/* End PBXFrameworksBuildPhase section */

/* Begin PBXGroup section */
		57E676B12814F341006FD47B = {
			isa = PBXGroup;
			children = (
				57E676BC2814F342006FD47B /* elementalPeriodicTable */,
				57E676D62814F347006FD47B /* elementalPeriodicTableTests */,
				57E676E02814F347006FD47B /* elementalPeriodicTableUITests */,
				57E676BB2814F342006FD47B /* Products */,
			);
			sourceTree = "<group>";
		};
		57E676BB2814F342006FD47B /* Products */ = {
			isa = PBXGroup;
			children = (
				57E676BA2814F342006FD47B /* elementalPeriodicTable.app */,
				57E676D32814F347006FD47B /* elementalPeriodicTableTests.xctest */,
				57E676DD2814F347006FD47B /* elementalPeriodicTableUITests.xctest */,
			);
			name = Products;
			sourceTree = "<group>";
		};
		57E676BC2814F342006FD47B /* elementalPeriodicTable */ = {
			isa = PBXGroup;
			children = (
				57E676BD2814F342006FD47B /* AppDelegate.swift */,
				57E676BF2814F342006FD47B /* SceneDelegate.swift */,
				57E676C12814F342006FD47B /* ViewController.swift */,
				57E676C32814F342006FD47B /* Main.storyboard */,
				57E676C92814F346006FD47B /* Assets.xcassets */,
				57E676CB2814F346006FD47B /* LaunchScreen.storyboard */,
				57E676CE2814F346006FD47B /* Info.plist */,
				57E676C62814F342006FD47B /* elementalPeriodicTable.xcdatamodeld */,
			);
			path = elementalPeriodicTable;
			sourceTree = "<group>";
		};
		57E676D62814F347006FD47B /* elementalPeriodicTableTests */ = {
			isa = PBXGroup;
			children = (
				57E676D72814F347006FD47B /* elementalPeriodicTableTests.swift */,
			);
			path = elementalPeriodicTableTests;
			sourceTree = "<group>";
		};
		57E676E02814F347006FD47B /* elementalPeriodicTableUITests */ = {
			isa = PBXGroup;
			children = (
				57E676E12814F347006FD47B /* elementalPeriodicTableUITests.swift */,
				57E676E32814F347006FD47B /* elementalPeriodicTableUITestsLaunchTests.swift */,
			);
			path = elementalPeriodicTableUITests;
			sourceTree = "<group>";
		};
/* End PBXGroup section */

/* Begin PBXNativeTarget section */
		57E676B92814F341006FD47B /* elementalPeriodicTable */ = {
			isa = PBXNativeTarget;
			buildConfigurationList = 57E676E72814F347006FD47B /* Build configuration list for PBXNativeTarget "elementalPeriodicTable" */;
			buildPhases = (
				57E676B62814F341006FD47B /* Sources */,
				57E676B72814F341006FD47B /* Frameworks */,
				57E676B82814F341006FD47B /* Resources */,
			);
			buildRules = (
			);
			dependencies = (
			);
			name = elementalPeriodicTable;
			productName = elementalPeriodicTable;
			productReference = 57E676BA2814F342006FD47B /* elementalPeriodicTable.app */;
			productType = "com.apple.product-type.application";
		};
		57E676D22814F347006FD47B /* elementalPeriodicTableTests */ = {
			isa = PBXNativeTarget;
			buildConfigurationList = 57E676EA2814F347006FD47B /* Build configuration list for PBXNativeTarget "elementalPeriodicTableTests" */;
			buildPhases = (
				57E676CF2814F347006FD47B /* Sources */,
				57E676D02814F347006FD47B /* Frameworks */,
				57E676D12814F347006FD47B /* Resources */,
			);
			buildRules = (
			);
			dependencies = (
				57E676D52814F347006FD47B /* PBXTargetDependency */,
			);
			name = elementalPeriodicTableTests;
			productName = elementalPeriodicTableTests;
			productReference = 57E676D32814F347006FD47B /* elementalPeriodicTableTests.xctest */;
			productType = "com.apple.product-type.bundle.unit-test";
		};
		57E676DC2814F347006FD47B /* elementalPeriodicTableUITests */ = {
			isa = PBXNativeTarget;
			buildConfigurationList = 57E676ED2814F347006FD47B /* Build configuration list for PBXNativeTarget "elementalPeriodicTableUITests" */;
			buildPhases = (
				57E676D92814F347006FD47B /* Sources */,
				57E676DA2814F347006FD47B /* Frameworks */,
				57E676DB2814F347006FD47B /* Resources */,
			);
			buildRules = (
			);
			dependencies = (
				57E676DF2814F347006FD47B /* PBXTargetDependency */,
			);
			name = elementalPeriodicTableUITests;
			productName = elementalPeriodicTableUITests;
			productReference = 57E676DD2814F347006FD47B /* elementalPeriodicTableUITests.xctest */;
			productType = "com.apple.product-type.bundle.ui-testing";
		};
/* End PBXNativeTarget section */

/* Begin PBXProject section */
		57E676B22814F341006FD47B /* Project object */ = {
			isa = PBXProject;
			attributes = {
				BuildIndependentTargetsInParallel = 1;
				LastSwiftUpdateCheck = 1320;
				LastUpgradeCheck = 1320;
				TargetAttributes = {
					57E676B92814F341006FD47B = {
						CreatedOnToolsVersion = 13.2.1;
					};
					57E676D22814F347006FD47B = {
						CreatedOnToolsVersion = 13.2.1;
						TestTargetID = 57E676B92814F341006FD47B;
					};
					57E676DC2814F347006FD47B = {
						CreatedOnToolsVersion = 13.2.1;
						TestTargetID = 57E676B92814F341006FD47B;
					};
				};
			};
			buildConfigurationList = 57E676B52814F341006FD47B /* Build configuration list for PBXProject "elementalPeriodicTable" */;
			compatibilityVersion = "Xcode 13.0";
			developmentRegion = en;
			hasScannedForEncodings = 0;
			knownRegions = (
				en,
				Base,
			);
			mainGroup = 57E676B12814F341006FD47B;
			productRefGroup = 57E676BB2814F342006FD47B /* Products */;
			projectDirPath = "";
			projectRoot = "";
			targets = (
				57E676B92814F341006FD47B /* elementalPeriodicTable */,
				57E676D22814F347006FD47B /* elementalPeriodicTableTests */,
				57E676DC2814F347006FD47B /* elementalPeriodicTableUITests */,
			);
		};
/* End PBXProject section */

/* Begin PBXResourcesBuildPhase section */
		57E676B82814F341006FD47B /* Resources */ = {
			isa = PBXResourcesBuildPhase;
			buildActionMask = 2147483647;
			files = (
				57E676CD2814F346006FD47B /* LaunchScreen.storyboard in Resources */,
				57E676CA2814F346006FD47B /* Assets.xcassets in Resources */,
				57E676C52814F342006FD47B /* Main.storyboard in Resources */,
			);
			runOnlyForDeploymentPostprocessing = 0;
		};
		57E676D12814F347006FD47B /* Resources */ = {
			isa = PBXResourcesBuildPhase;
			buildActionMask = 2147483647;
			files = (
			);
			runOnlyForDeploymentPostprocessing = 0;
		};
		57E676DB2814F347006FD47B /* Resources */ = {
			isa = PBXResourcesBuildPhase;
			buildActionMask = 2147483647;
			files = (
			);
			runOnlyForDeploymentPostprocessing = 0;
		};
/* End PBXResourcesBuildPhase section */

/* Begin PBXSourcesBuildPhase section */
		57E676B62814F341006FD47B /* Sources */ = {
			isa = PBXSourcesBuildPhase;
			buildActionMask = 2147483647;
			files = (
				57E676C22814F342006FD47B /* ViewController.swift in Sources */,
				57E676C82814F342006FD47B /* elementalPeriodicTable.xcdatamodeld in Sources */,
				57E676BE2814F342006FD47B /* AppDelegate.swift in Sources */,
				57E676C02814F342006FD47B /* SceneDelegate.swift in Sources */,
			);
			runOnlyForDeploymentPostprocessing = 0;
		};
		57E676CF2814F347006FD47B /* Sources */ = {
			isa = PBXSourcesBuildPhase;
			buildActionMask = 2147483647;
			files = (
				57E676D82814F347006FD47B /* elementalPeriodicTableTests.swift in Sources */,
			);
			runOnlyForDeploymentPostprocessing = 0;
		};
		57E676D92814F347006FD47B /* Sources */ = {
			isa = PBXSourcesBuildPhase;
			buildActionMask = 2147483647;
			files = (
				57E676E42814F347006FD47B /* elementalPeriodicTableUITestsLaunchTests.swift in Sources */,
				57E676E22814F347006FD47B /* elementalPeriodicTableUITests.swift in Sources */,
			);
			runOnlyForDeploymentPostprocessing = 0;
		};
/* End PBXSourcesBuildPhase section */

/* Begin PBXTargetDependency section */
		57E676D52814F347006FD47B /* PBXTargetDependency */ = {
			isa = PBXTargetDependency;
			target = 57E676B92814F341006FD47B /* elementalPeriodicTable */;
			targetProxy = 57E676D42814F347006FD47B /* PBXContainerItemProxy */;
		};
		57E676DF2814F347006FD47B /* PBXTargetDependency */ = {
			isa = PBXTargetDependency;
			target = 57E676B92814F341006FD47B /* elementalPeriodicTable */;
			targetProxy = 57E676DE2814F347006FD47B /* PBXContainerItemProxy */;
		};
/* End PBXTargetDependency section */

/* Begin PBXVariantGroup section */
		57E676C32814F342006FD47B /* Main.storyboard */ = {
			isa = PBXVariantGroup;
			children = (
				57E676C42814F342006FD47B /* Base */,
			);
			name = Main.storyboard;
			sourceTree = "<group>";
		};
		57E676CB2814F346006FD47B /* LaunchScreen.storyboard */ = {
			isa = PBXVariantGroup;
			children = (
				57E676CC2814F346006FD47B /* Base */,
			);
			name = LaunchScreen.storyboard;
			sourceTree = "<group>";
		};
/* End PBXVariantGroup section */

/* Begin XCBuildConfiguration section */
		57E676E52814F347006FD47B /* Debug */ = {
			isa = XCBuildConfiguration;
			buildSettings = {
				ALWAYS_SEARCH_USER_PATHS = NO;
				CLANG_ANALYZER_NONNULL = YES;
				CLANG_ANALYZER_NUMBER_OBJECT_CONVERSION = YES_AGGRESSIVE;
				CLANG_CXX_LANGUAGE_STANDARD = "gnu++17";
				CLANG_CXX_LIBRARY = "libc++";
				CLANG_ENABLE_MODULES = YES;
				CLANG_ENABLE_OBJC_ARC = YES;
				CLANG_ENABLE_OBJC_WEAK = YES;
				CLANG_WARN_BLOCK_CAPTURE_AUTORELEASING = YES;
				CLANG_WARN_BOOL_CONVERSION = YES;
				CLANG_WARN_COMMA = YES;
				CLANG_WARN_CONSTANT_CONVERSION = YES;
				CLANG_WARN_DEPRECATED_OBJC_IMPLEMENTATIONS = YES;
				CLANG_WARN_DIRECT_OBJC_ISA_USAGE = YES_ERROR;
				CLANG_WARN_DOCUMENTATION_COMMENTS = YES;
				CLANG_WARN_EMPTY_BODY = YES;
				CLANG_WARN_ENUM_CONVERSION = YES;
				CLANG_WARN_INFINITE_RECURSION = YES;
				CLANG_WARN_INT_CONVERSION = YES;
				CLANG_WARN_NON_LITERAL_NULL_CONVERSION = YES;
				CLANG_WARN_OBJC_IMPLICIT_RETAIN_SELF = YES;
				CLANG_WARN_OBJC_LITERAL_CONVERSION = YES;
				CLANG_WARN_OBJC_ROOT_CLASS = YES_ERROR;
				CLANG_WARN_QUOTED_INCLUDE_IN_FRAMEWORK_HEADER = YES;
				CLANG_WARN_RANGE_LOOP_ANALYSIS = YES;
				CLANG_WARN_STRICT_PROTOTYPES = YES;
				CLANG_WARN_SUSPICIOUS_MOVE = YES;
				CLANG_WARN_UNGUARDED_AVAILABILITY = YES_AGGRESSIVE;
				CLANG_WARN_UNREACHABLE_CODE = YES;
				CLANG_WARN__DUPLICATE_METHOD_MATCH = YES;
				COPY_PHASE_STRIP = NO;
				DEBUG_INFORMATION_FORMAT = dwarf;
				ENABLE_STRICT_OBJC_MSGSEND = YES;
				ENABLE_TESTABILITY = YES;
				GCC_C_LANGUAGE_STANDARD = gnu11;
				GCC_DYNAMIC_NO_PIC = NO;
				GCC_NO_COMMON_BLOCKS = YES;
				GCC_OPTIMIZATION_LEVEL = 0;
				GCC_PREPROCESSOR_DEFINITIONS = (
					"DEBUG=1",
					"$(inherited)",
				);
				GCC_WARN_64_TO_32_BIT_CONVERSION = YES;
				GCC_WARN_ABOUT_RETURN_TYPE = YES_ERROR;
				GCC_WARN_UNDECLARED_SELECTOR = YES;
				GCC_WARN_UNINITIALIZED_AUTOS = YES_AGGRESSIVE;
				GCC_WARN_UNUSED_FUNCTION = YES;
				GCC_WARN_UNUSED_VARIABLE = YES;
				IPHONEOS_DEPLOYMENT_TARGET = 15.2;
				MTL_ENABLE_DEBUG_INFO = INCLUDE_SOURCE;
				MTL_FAST_MATH = YES;
				ONLY_ACTIVE_ARCH = YES;
				SDKROOT = iphoneos;
				SWIFT_ACTIVE_COMPILATION_CONDITIONS = DEBUG;
				SWIFT_OPTIMIZATION_LEVEL = "-Onone";
			};
			name = Debug;
		};
		57E676E62814F347006FD47B /* Release */ = {
			isa = XCBuildConfiguration;
			buildSettings = {
				ALWAYS_SEARCH_USER_PATHS = NO;
				CLANG_ANALYZER_NONNULL = YES;
				CLANG_ANALYZER_NUMBER_OBJECT_CONVERSION = YES_AGGRESSIVE;
				CLANG_CXX_LANGUAGE_STANDARD = "gnu++17";
				CLANG_CXX_LIBRARY = "libc++";
				CLANG_ENABLE_MODULES = YES;
				CLANG_ENABLE_OBJC_ARC = YES;
				CLANG_ENABLE_OBJC_WEAK = YES;
				CLANG_WARN_BLOCK_CAPTURE_AUTORELEASING = YES;
				CLANG_WARN_BOOL_CONVERSION = YES;
				CLANG_WARN_COMMA = YES;
				CLANG_WARN_CONSTANT_CONVERSION = YES;
				CLANG_WARN_DEPRECATED_OBJC_IMPLEMENTATIONS = YES;
				CLANG_WARN_DIRECT_OBJC_ISA_USAGE = YES_ERROR;
				CLANG_WARN_DOCUMENTATION_COMMENTS = YES;
				CLANG_WARN_EMPTY_BODY = YES;
				CLANG_WARN_ENUM_CONVERSION = YES;
				CLANG_WARN_INFINITE_RECURSION = YES;
				CLANG_WARN_INT_CONVERSION = YES;
				CLANG_WARN_NON_LITERAL_NULL_CONVERSION = YES;
				CLANG_WARN_OBJC_IMPLICIT_RETAIN_SELF = YES;
				CLANG_WARN_OBJC_LITERAL_CONVERSION = YES;
				CLANG_WARN_OBJC_ROOT_CLASS = YES_ERROR;
				CLANG_WARN_QUOTED_INCLUDE_IN_FRAMEWORK_HEADER = YES;
				CLANG_WARN_RANGE_LOOP_ANALYSIS = YES;
				CLANG_WARN_STRICT_PROTOTYPES = YES;
				CLANG_WARN_SUSPICIOUS_MOVE = YES;
				CLANG_WARN_UNGUARDED_AVAILABILITY = YES_AGGRESSIVE;
				CLANG_WARN_UNREACHABLE_CODE = YES;
				CLANG_WARN__DUPLICATE_METHOD_MATCH = YES;
				COPY_PHASE_STRIP = NO;
				DEBUG_INFORMATION_FORMAT = "dwarf-with-dsym";
				ENABLE_NS_ASSERTIONS = NO;
				ENABLE_STRICT_OBJC_MSGSEND = YES;
				GCC_C_LANGUAGE_STANDARD = gnu11;
				GCC_NO_COMMON_BLOCKS = YES;
				GCC_WARN_64_TO_32_BIT_CONVERSION = YES;
				GCC_WARN_ABOUT_RETURN_TYPE = YES_ERROR;
				GCC_WARN_UNDECLARED_SELECTOR = YES;
				GCC_WARN_UNINITIALIZED_AUTOS = YES_AGGRESSIVE;
				GCC_WARN_UNUSED_FUNCTION = YES;
				GCC_WARN_UNUSED_VARIABLE = YES;
				IPHONEOS_DEPLOYMENT_TARGET = 15.2;
				MTL_ENABLE_DEBUG_INFO = NO;
				MTL_FAST_MATH = YES;
				SDKROOT = iphoneos;
				SWIFT_COMPILATION_MODE = wholemodule;
				SWIFT_OPTIMIZATION_LEVEL = "-O";
				VALIDATE_PRODUCT = YES;
			};
			name = Release;
		};
		57E676E82814F347006FD47B /* Debug */ = {
			isa = XCBuildConfiguration;
			buildSettings = {
				ASSETCATALOG_COMPILER_APPICON_NAME = AppIcon;
				ASSETCATALOG_COMPILER_GLOBAL_ACCENT_COLOR_NAME = AccentColor;
				CODE_SIGN_STYLE = Automatic;
				CURRENT_PROJECT_VERSION = 1;
				DEVELOPMENT_TEAM = 364N5LAPSP;
				GENERATE_INFOPLIST_FILE = YES;
				INFOPLIST_FILE = elementalPeriodicTable/Info.plist;
				INFOPLIST_KEY_UIApplicationSupportsIndirectInputEvents = YES;
				INFOPLIST_KEY_UILaunchStoryboardName = LaunchScreen;
				INFOPLIST_KEY_UIMainStoryboardFile = Main;
				INFOPLIST_KEY_UISupportedInterfaceOrientations_iPad = "UIInterfaceOrientationPortrait UIInterfaceOrientationPortraitUpsideDown UIInterfaceOrientationLandscapeLeft UIInterfaceOrientationLandscapeRight";
				INFOPLIST_KEY_UISupportedInterfaceOrientations_iPhone = "UIInterfaceOrientationPortrait UIInterfaceOrientationLandscapeLeft UIInterfaceOrientationLandscapeRight";
				LD_RUNPATH_SEARCH_PATHS = (
					"$(inherited)",
					"@executable_path/Frameworks",
				);
				MARKETING_VERSION = 1.0;
				PRODUCT_BUNDLE_IDENTIFIER = chemistry.elementalPeriodicTable;
				PRODUCT_NAME = "$(TARGET_NAME)";
				SWIFT_EMIT_LOC_STRINGS = YES;
				SWIFT_VERSION = 5.0;
				TARGETED_DEVICE_FAMILY = "1,2";
			};
			name = Debug;
		};
		57E676E92814F347006FD47B /* Release */ = {
			isa = XCBuildConfiguration;
			buildSettings = {
				ASSETCATALOG_COMPILER_APPICON_NAME = AppIcon;
				ASSETCATALOG_COMPILER_GLOBAL_ACCENT_COLOR_NAME = AccentColor;
				CODE_SIGN_STYLE = Automatic;
				CURRENT_PROJECT_VERSION = 1;
				DEVELOPMENT_TEAM = 364N5LAPSP;
				GENERATE_INFOPLIST_FILE = YES;
				INFOPLIST_FILE = elementalPeriodicTable/Info.plist;
				INFOPLIST_KEY_UIApplicationSupportsIndirectInputEvents = YES;
				INFOPLIST_KEY_UILaunchStoryboardName = LaunchScreen;
				INFOPLIST_KEY_UIMainStoryboardFile = Main;
				INFOPLIST_KEY_UISupportedInterfaceOrientations_iPad = "UIInterfaceOrientationPortrait UIInterfaceOrientationPortraitUpsideDown UIInterfaceOrientationLandscapeLeft UIInterfaceOrientationLandscapeRight";
				INFOPLIST_KEY_UISupportedInterfaceOrientations_iPhone = "UIInterfaceOrientationPortrait UIInterfaceOrientationLandscapeLeft UIInterfaceOrientationLandscapeRight";
				LD_RUNPATH_SEARCH_PATHS = (
					"$(inherited)",
					"@executable_path/Frameworks",
				);
				MARKETING_VERSION = 1.0;
				PRODUCT_BUNDLE_IDENTIFIER = chemistry.elementalPeriodicTable;
				PRODUCT_NAME = "$(TARGET_NAME)";
				SWIFT_EMIT_LOC_STRINGS = YES;
				SWIFT_VERSION = 5.0;
				TARGETED_DEVICE_FAMILY = "1,2";
			};
			name = Release;
		};
		57E676EB2814F347006FD47B /* Debug */ = {
			isa = XCBuildConfiguration;
			buildSettings = {
				ALWAYS_EMBED_SWIFT_STANDARD_LIBRARIES = YES;
				BUNDLE_LOADER = "$(TEST_HOST)";
				CODE_SIGN_STYLE = Automatic;
				CURRENT_PROJECT_VERSION = 1;
				DEVELOPMENT_TEAM = 364N5LAPSP;
				GENERATE_INFOPLIST_FILE = YES;
				IPHONEOS_DEPLOYMENT_TARGET = 15.2;
				MARKETING_VERSION = 1.0;
				PRODUCT_BUNDLE_IDENTIFIER = chemistry.elementalPeriodicTableTests;
				PRODUCT_NAME = "$(TARGET_NAME)";
				SWIFT_EMIT_LOC_STRINGS = NO;
				SWIFT_VERSION = 5.0;
				TARGETED_DEVICE_FAMILY = "1,2";
				TEST_HOST = "$(BUILT_PRODUCTS_DIR)/elementalPeriodicTable.app/elementalPeriodicTable";
			};
			name = Debug;
		};
		57E676EC2814F347006FD47B /* Release */ = {
			isa = XCBuildConfiguration;
			buildSettings = {
				ALWAYS_EMBED_SWIFT_STANDARD_LIBRARIES = YES;
				BUNDLE_LOADER = "$(TEST_HOST)";
				CODE_SIGN_STYLE = Automatic;
				CURRENT_PROJECT_VERSION = 1;
				DEVELOPMENT_TEAM = 364N5LAPSP;
				GENERATE_INFOPLIST_FILE = YES;
				IPHONEOS_DEPLOYMENT_TARGET = 15.2;
				MARKETING_VERSION = 1.0;
				PRODUCT_BUNDLE_IDENTIFIER = chemistry.elementalPeriodicTableTests;
				PRODUCT_NAME = "$(TARGET_NAME)";
				SWIFT_EMIT_LOC_STRINGS = NO;
				SWIFT_VERSION = 5.0;
				TARGETED_DEVICE_FAMILY = "1,2";
				TEST_HOST = "$(BUILT_PRODUCTS_DIR)/elementalPeriodicTable.app/elementalPeriodicTable";
			};
			name = Release;
		};
		57E676EE2814F347006FD47B /* Debug */ = {
			isa = XCBuildConfiguration;
			buildSettings = {
				ALWAYS_EMBED_SWIFT_STANDARD_LIBRARIES = YES;
				CODE_SIGN_STYLE = Automatic;
				CURRENT_PROJECT_VERSION = 1;
				DEVELOPMENT_TEAM = 364N5LAPSP;
				GENERATE_INFOPLIST_FILE = YES;
				MARKETING_VERSION = 1.0;
				PRODUCT_BUNDLE_IDENTIFIER = chemistry.elementalPeriodicTableUITests;
				PRODUCT_NAME = "$(TARGET_NAME)";
				SWIFT_EMIT_LOC_STRINGS = NO;
				SWIFT_VERSION = 5.0;
				TARGETED_DEVICE_FAMILY = "1,2";
				TEST_TARGET_NAME = elementalPeriodicTable;
			};
			name = Debug;
		};
		57E676EF2814F347006FD47B /* Release */ = {
			isa = XCBuildConfiguration;
			buildSettings = {
				ALWAYS_EMBED_SWIFT_STANDARD_LIBRARIES = YES;
				CODE_SIGN_STYLE = Automatic;
				CURRENT_PROJECT_VERSION = 1;
				DEVELOPMENT_TEAM = 364N5LAPSP;
				GENERATE_INFOPLIST_FILE = YES;
				MARKETING_VERSION = 1.0;
				PRODUCT_BUNDLE_IDENTIFIER = chemistry.elementalPeriodicTableUITests;
				PRODUCT_NAME = "$(TARGET_NAME)";
				SWIFT_EMIT_LOC_STRINGS = NO;
				SWIFT_VERSION = 5.0;
				TARGETED_DEVICE_FAMILY = "1,2";
				TEST_TARGET_NAME = elementalPeriodicTable;
			};
			name = Release;
		};
/* End XCBuildConfiguration section */

/* Begin XCConfigurationList section */
		57E676B52814F341006FD47B /* Build configuration list for PBXProject "elementalPeriodicTable" */ = {
			isa = XCConfigurationList;
			buildConfigurations = (
				57E676E52814F347006FD47B /* Debug */,
				57E676E62814F347006FD47B /* Release */,
			);
			defaultConfigurationIsVisible = 0;
			defaultConfigurationName = Release;
		};
		57E676E72814F347006FD47B /* Build configuration list for PBXNativeTarget "elementalPeriodicTable" */ = {
			isa = XCConfigurationList;
			buildConfigurations = (
				57E676E82814F347006FD47B /* Debug */,
				57E676E92814F347006FD47B /* Release */,
			);
			defaultConfigurationIsVisible = 0;
			defaultConfigurationName = Release;
		};
		57E676EA2814F347006FD47B /* Build configuration list for PBXNativeTarget "elementalPeriodicTableTests" */ = {
			isa = XCConfigurationList;
			buildConfigurations = (
				57E676EB2814F347006FD47B /* Debug */,
				57E676EC2814F347006FD47B /* Release */,
			);
			defaultConfigurationIsVisible = 0;
			defaultConfigurationName = Release;
		};
		57E676ED2814F347006FD47B /* Build configuration list for PBXNativeTarget "elementalPeriodicTableUITests" */ = {
			isa = XCConfigurationList;
			buildConfigurations = (
				57E676EE2814F347006FD47B /* Debug */,
				57E676EF2814F347006FD47B /* Release */,
			);
			defaultConfigurationIsVisible = 0;
			defaultConfigurationName = Release;
		};
/* End XCConfigurationList section */

/* Begin XCVersionGroup section */
		57E676C62814F342006FD47B /* elementalPeriodicTable.xcdatamodeld */ = {
			isa = XCVersionGroup;
			children = (
				57E676C72814F342006FD47B /* elementalPeriodicTable.xcdatamodel */,
			);
			currentVersion = 57E676C72814F342006FD47B /* elementalPeriodicTable.xcdatamodel */;
			path = elementalPeriodicTable.xcdatamodeld;
			sourceTree = "<group>";
			versionGroupType = wrapper.xcdatamodel;
		};
/* End XCVersionGroup section */
	};
	rootObject = 57E676B22814F341006FD47B /* Project object */;
}
